PODS:
  - GQModularize (0.1.1)
  - ModuleExampleList (0.0.7):
    - GQModularize
  - ModuleExampleSettings (0.0.4):
    - GQModularize
  - OCMock (3.3)

DEPENDENCIES:
  - GQModularize (from `../`)
  - ModuleExampleList
  - ModuleExampleSettings
  - OCMock

EXTERNAL SOURCES:
  GQModularize:
    :path: "../"

SPEC CHECKSUMS:
  GQModularize: cb6cc6247e85da80fdffec2457cea16f8bf096f3
  ModuleExampleList: b3e174ad412e8cb470728e887eea65a6bd68ddef
  ModuleExampleSettings: 5a31d2f5f42eadc9082c33373aef37cc4c4311ad
  OCMock: d68685bde31f69cb61d518dcb39269080c78b5ed

COCOAPODS: 0.39.0
