PODS:
  - GQModularize (0.1.2)
  - ModuleExampleList (0.0.9):
    - GQModularize
  - ModuleExampleSettings (0.0.5):
    - GQModularize
  - OCMock (3.3)

DEPENDENCIES:
  - GQModularize (from `../`)
  - ModuleExampleList
  - ModuleExampleSettings
  - OCMock

EXTERNAL SOURCES:
  GQModularize:
    :path: "../"

SPEC CHECKSUMS:
  GQModularize: 67a36468682224fa7e4da3b94cd12d6416dad6fd
  ModuleExampleList: 34b5fcb0563aea71ce515b35cf899ec3bdeb2244
  ModuleExampleSettings: 1fc013bef7b39c2b388eefbafe02b2b4e01d029e
  OCMock: d68685bde31f69cb61d518dcb39269080c78b5ed

COCOAPODS: 0.39.0
