PODS:
  - GQModularize (0.1.2)
  - ModuleExampleList (0.0.11):
    - GQModularize
  - ModuleExampleSettings (0.0.6):
    - GQModularize
  - OCMock (3.3)

DEPENDENCIES:
  - GQModularize (from `../`)
  - ModuleExampleList
  - ModuleExampleSettings
  - OCMock

EXTERNAL SOURCES:
  GQModularize:
    :path: "../"

SPEC CHECKSUMS:
  GQModularize: 67a36468682224fa7e4da3b94cd12d6416dad6fd
  ModuleExampleList: 6cb2cf16aa65f72a9b126d21ff539269ce496357
  ModuleExampleSettings: 568bd2980f6e8c922a0184aea70e3bf11d413bb1
  OCMock: d68685bde31f69cb61d518dcb39269080c78b5ed

COCOAPODS: 0.39.0
